
Microsoft Visual Studio Solution File, Format Version 12.00
# Visual Studio Version 17
VisualStudioVersion = 17.0.32112.339
MinimumVisualStudioVersion = 10.0.40219.1
Project("{9A19103F-16F7-4668-BE54-9A1E7A4F7556}") = "Mmu.Mlh.TestingExtensions", "Sources\Application\Mmu.Mlh.TestingExtensions.csproj", "{9B325EA7-6379-4104-A321-CF547CFCF882}"
EndProject
Project("{9A19103F-16F7-4668-BE54-9A1E7A4F7556}") = "Mmu.Mlh.TestingExtensions.FakeApp", "Sources\FakeApp\Mmu.Mlh.TestingExtensions.FakeApp.csproj", "{2E0C5FC0-78DC-450C-A9A8-00F00B4D9792}"
EndProject
Project("{9A19103F-16F7-4668-BE54-9A1E7A4F7556}") = "Mmu.Mlh.TestingExtensions.Tests", "Sources\Tests\Mmu.Mlh.TestingExtensions.Tests.csproj", "{E86EFB9D-636A-4803-8246-5E1D1C9C18D1}"
EndProject
Project("{2150E333-8FDC-42A3-9474-1A3956D46DE8}") = "Solution Items", "Solution Items", "{3775DB73-BF14-4A39-B9E9-D2BBDBC8B02C}"
	ProjectSection(SolutionItems) = preProject
		README.MD = README.MD
	EndProjectSection
EndProject
Global
	GlobalSection(SolutionConfigurationPlatforms) = preSolution
		Debug|Any CPU = Debug|Any CPU
		Release|Any CPU = Release|Any CPU
	EndGlobalSection
	GlobalSection(ProjectConfigurationPlatforms) = postSolution
		{9B325EA7-6379-4104-A321-CF547CFCF882}.Debug|Any CPU.ActiveCfg = Debug|Any CPU
		{9B325EA7-6379-4104-A321-CF547CFCF882}.Debug|Any CPU.Build.0 = Debug|Any CPU
		{9B325EA7-6379-4104-A321-CF547CFCF882}.Release|Any CPU.ActiveCfg = Release|Any CPU
		{9B325EA7-6379-4104-A321-CF547CFCF882}.Release|Any CPU.Build.0 = Release|Any CPU
		{2E0C5FC0-78DC-450C-A9A8-00F00B4D9792}.Debug|Any CPU.ActiveCfg = Debug|Any CPU
		{2E0C5FC0-78DC-450C-A9A8-00F00B4D9792}.Debug|Any CPU.Build.0 = Debug|Any CPU
		{2E0C5FC0-78DC-450C-A9A8-00F00B4D9792}.Release|Any CPU.ActiveCfg = Release|Any CPU
		{2E0C5FC0-78DC-450C-A9A8-00F00B4D9792}.Release|Any CPU.Build.0 = Release|Any CPU
		{E86EFB9D-636A-4803-8246-5E1D1C9C18D1}.Debug|Any CPU.ActiveCfg = Debug|Any CPU
		{E86EFB9D-636A-4803-8246-5E1D1C9C18D1}.Debug|Any CPU.Build.0 = Debug|Any CPU
		{E86EFB9D-636A-4803-8246-5E1D1C9C18D1}.Release|Any CPU.ActiveCfg = Release|Any CPU
		{E86EFB9D-636A-4803-8246-5E1D1C9C18D1}.Release|Any CPU.Build.0 = Release|Any CPU
	EndGlobalSection
	GlobalSection(SolutionProperties) = preSolution
		HideSolutionNode = FALSE
	EndGlobalSection
	GlobalSection(ExtensibilityGlobals) = postSolution
		SolutionGuid = {37E0A29B-83D0-450F-9EC1-1F255D0FB0AE}
	EndGlobalSection
EndGlobal
